
Microsoft Visual Studio Solution File, Format Version 12.00
# Visual Studio Version 17
VisualStudioVersion = 17.11.35312.102
MinimumVisualStudioVersion = 10.0.40219.1
Project("{FAE04EC0-301F-11D3-BF4B-00C04F79EFBC}") = "NguyenThiKimNgan_KTRA FE", "NguyenThiKimNgan_KTRA FE\NguyenThiKimNgan_KTRA FE.csproj", "{D13AAB6D-CD6D-4D19-8CB6-B1AAEA62F7ED}"
EndProject
Global
	GlobalSection(SolutionConfigurationPlatforms) = preSolution
		Debug|Any CPU = Debug|Any CPU
		Release|Any CPU = Release|Any CPU
	EndGlobalSection
	GlobalSection(ProjectConfigurationPlatforms) = postSolution
		{D13AAB6D-CD6D-4D19-8CB6-B1AAEA62F7ED}.Debug|Any CPU.ActiveCfg = Debug|Any CPU
		{D13AAB6D-CD6D-4D19-8CB6-B1AAEA62F7ED}.Debug|Any CPU.Build.0 = Debug|Any CPU
		{D13AAB6D-CD6D-4D19-8CB6-B1AAEA62F7ED}.Release|Any CPU.ActiveCfg = Release|Any CPU
		{D13AAB6D-CD6D-4D19-8CB6-B1AAEA62F7ED}.Release|Any CPU.Build.0 = Release|Any CPU
	EndGlobalSection
	GlobalSection(SolutionProperties) = preSolution
		HideSolutionNode = FALSE
	EndGlobalSection
	GlobalSection(ExtensibilityGlobals) = postSolution
		SolutionGuid = {BE102390-9A15-4A96-9D3F-4A06F5AD4D61}
	EndGlobalSection
EndGlobal
